Microsoft Visual Studio Solution File, Format Version 11.00
# Visual Studio 2010
Project("{D51F737B-11D9-24AF-5022-44C7AEF7F3E4}") = "wracka3", "wracka3.vcxproj", "{E1C8D506-EBFC-56A9-AFF9-19E1066ED724}"
EndProject
Global
	GlobalSection(SolutionConfigurationPlatforms) = preSolution
		Debug|Win32 = Debug|Win32
		Release|Win32 = Release|Win32
	EndGlobalSection
	GlobalSection(ProjectConfigurationPlatforms) = postSolution
		{E1C8D506-EBFC-56A9-AFF9-19E1066ED724}.Debug|Win32.ActiveCfg = Debug|Win32
		{E1C8D506-EBFC-56A9-AFF9-19E1066ED724}.Debug|Win32.Build.0 = Debug|Win32
		{E1C8D506-EBFC-56A9-AFF9-19E1066ED724}.Release|Win32.ActiveCfg = Release|Win32
		{E1C8D506-EBFC-56A9-AFF9-19E1066ED724}.Release|Win32.Build.0 = Release|Win32
	EndGlobalSection
	GlobalSection(SolutionProperties) = preSolution
		HideSolutionNode = FALSE
	EndGlobalSection
EndGlobal
